PODS:
  - AiTmedSDK (0.2.6):
    - AiTmedSDK/Core (= 0.2.6)
    - AiTmedSDK/Starter (= 0.2.6)
  - AiTmedSDK/Core (0.2.6):
    - Alamofire (~> 4.9.1)
    - PromiseKit (~> 6.12.0)
    - Sodium (~> 0.8.0)
    - SwiftGRPC (~> 0.10.0)
  - AiTmedSDK/Starter (0.2.6):
    - AiTmedSDK/Core
    - TYTextField (~> 0.1.6)
  - Alamofire (4.9.1)
  - BoringSSL-GRPC (0.0.3):
    - BoringSSL-GRPC/Implementation (= 0.0.3)
    - BoringSSL-GRPC/Interface (= 0.0.3)
  - BoringSSL-GRPC/Implementation (0.0.3):
    - BoringSSL-GRPC/Interface (= 0.0.3)
  - BoringSSL-GRPC/Interface (0.0.3)
  - gRPC-Core (1.23.1):
    - gRPC-Core/Implementation (= 1.23.1)
    - gRPC-Core/Interface (= 1.23.1)
  - gRPC-Core/Implementation (1.23.1):
    - BoringSSL-GRPC (= 0.0.3)
    - gRPC-Core/Interface (= 1.23.1)
    - nanopb (~> 0.3)
  - gRPC-Core/Interface (1.23.1)
  - IQKeyboardManager (6.5.5)
  - nanopb (0.3.9011):
    - nanopb/decode (= 0.3.9011)
    - nanopb/encode (= 0.3.9011)
  - nanopb/decode (0.3.9011)
  - nanopb/encode (0.3.9011)
  - PhoneNumberKit (3.2.0):
    - PhoneNumberKit/PhoneNumberKitCore (= 3.2.0)
    - PhoneNumberKit/UIKit (= 3.2.0)
  - PhoneNumberKit/PhoneNumberKitCore (3.2.0)
  - PhoneNumberKit/UIKit (3.2.0):
    - PhoneNumberKit/PhoneNumberKitCore
  - PromiseKit (6.12.0):
    - PromiseKit/CorePromise (= 6.12.0)
    - PromiseKit/Foundation (= 6.12.0)
    - PromiseKit/UIKit (= 6.12.0)
  - PromiseKit/CorePromise (6.12.0)
  - PromiseKit/Foundation (6.12.0):
    - PromiseKit/CorePromise
  - PromiseKit/UIKit (6.12.0):
    - PromiseKit/CorePromise
  - R.swift (5.1.0):
    - R.swift.Library (~> 5.1.0)
  - R.swift.Library (5.1.0)
  - Reveal-SDK (24)
  - SideMenu (6.4.7)
  - SnapKit (5.0.1)
  - Sodium (0.8.0)
  - SwiftGRPC (0.10.0):
    - gRPC-Core (~> 1.23.0)
    - SwiftProtobuf (~> 1.7.0)
  - SwiftProtobuf (1.7.0)
  - TYTextField (0.1.6):
    - PhoneNumberKit (~> 3.2.0)
    - SnapKit (~> 5.0.1)

DEPENDENCIES:
  - AiTmedSDK (~> 0.2.6)
  - IQKeyboardManager
  - R.swift
  - Reveal-SDK
  - SideMenu
  - SnapKit

SPEC REPOS:
  https://github.com/CocoaPods/Specs.git:
    - Alamofire
    - BoringSSL-GRPC
    - gRPC-Core
    - IQKeyboardManager
    - nanopb
    - PhoneNumberKit
    - PromiseKit
    - R.swift
    - R.swift.Library
    - Reveal-SDK
    - SideMenu
    - SnapKit
    - Sodium
    - SwiftGRPC
    - SwiftProtobuf
    - TYTextField
  https://gitlab.aitmed.com/ios-dev/specs.git:
    - AiTmedSDK

SPEC CHECKSUMS:
  AiTmedSDK: 5e7804b96a34d126cc34b133c2440c552f79f453
  Alamofire: 85e8a02c69d6020a0d734f6054870d7ecb75cf18
  BoringSSL-GRPC: db8764df3204ccea016e1c8dd15d9a9ad63ff318
  gRPC-Core: 4b1148eb8596225178e5a154e40e35141a3cdf0f
  IQKeyboardManager: 3a8b9e603f8b0eeaf5f096a1f2b2cfcf121992ef
  nanopb: 18003b5e52dab79db540fe93fe9579f399bd1ccd
  PhoneNumberKit: df411d46177d1492da84e10b6c093846dd861452
  PromiseKit: c06835ba442ce5454ce3cdde470232804a6e4ff8
  R.swift: 8cbc4fc69b740305b6a17c8a8ed968eb788962d9
  R.swift.Library: fa85ce1e0d0b7e818cd9e080df910ba54d2776cc
  Reveal-SDK: 5d7e56b8f018c0a88b3a2c10bf68d598bbd3b071
  SideMenu: 928a015669c3afc201e1fe3a87f1b0bc8993a664
  SnapKit: 97b92857e3df3a0c71833cce143274bf6ef8e5eb
  Sodium: 63c0ca312a932e6da481689537d4b35568841bdc
  SwiftGRPC: f8fcfecb547c96cc6913de619f95fa3cd09838ee
  SwiftProtobuf: 4fd9645e69b72cbae6ec8da5be0cdd20ca6565dd
  TYTextField: 88dc202947e36d5a9c80ba90a693db9cebd31055

PODFILE CHECKSUM: ec87579603ee7f0d5a7c2267de42549c799a8642

COCOAPODS: 1.8.4
